// !$*UTF8*$!
{
	archiveVersion = 1;
	classes = {
	};
	objectVersion = 56;
	objects = {

/* Begin PBXBuildFile section */
		DD21038929BF212400563001 /* AppDelegate.swift in Sources */ = {isa = PBXBuildFile; fileRef = DD21038829BF212400563001 /* AppDelegate.swift */; };
		DD21038B29BF212400563001 /* SceneDelegate.swift in Sources */ = {isa = PBXBuildFile; fileRef = DD21038A29BF212400563001 /* SceneDelegate.swift */; };
		DD21039029BF212400563001 /* Main.storyboard in Resources */ = {isa = PBXBuildFile; fileRef = DD21038E29BF212400563001 /* Main.storyboard */; };
		DD21039229BF212500563001 /* Assets.xcassets in Resources */ = {isa = PBXBuildFile; fileRef = DD21039129BF212500563001 /* Assets.xcassets */; };
		DD21039529BF212500563001 /* LaunchScreen.storyboard in Resources */ = {isa = PBXBuildFile; fileRef = DD21039329BF212500563001 /* LaunchScreen.storyboard */; };
		DD21039F29BF216200563001 /* UserModel.swift in Sources */ = {isa = PBXBuildFile; fileRef = DD21039E29BF216200563001 /* UserModel.swift */; };
		DD2103A129BF216D00563001 /* UdacityAPI.swift in Sources */ = {isa = PBXBuildFile; fileRef = DD2103A029BF216D00563001 /* UdacityAPI.swift */; };
		DD2103A329BF217D00563001 /* UdacityRequestBodies.swift in Sources */ = {isa = PBXBuildFile; fileRef = DD2103A229BF217D00563001 /* UdacityRequestBodies.swift */; };
		DD2103A529BF219100563001 /* UdacityResponses.swift in Sources */ = {isa = PBXBuildFile; fileRef = DD2103A429BF219100563001 /* UdacityResponses.swift */; };
		DD2103A729BF21A400563001 /* ParseResponses.swift in Sources */ = {isa = PBXBuildFile; fileRef = DD2103A629BF21A400563001 /* ParseResponses.swift */; };
		DD2103A929BF21B600563001 /* LoginViewController.swift in Sources */ = {isa = PBXBuildFile; fileRef = DD2103A829BF21B600563001 /* LoginViewController.swift */; };
		DD2103AB29BF21CA00563001 /* MapViewController.swift in Sources */ = {isa = PBXBuildFile; fileRef = DD2103AA29BF21CA00563001 /* MapViewController.swift */; };
		DD2103AD29BF6C4A00563001 /* PinListTableViewController.swift in Sources */ = {isa = PBXBuildFile; fileRef = DD2103AC29BF6C4A00563001 /* PinListTableViewController.swift */; };
		DD2103AF29BF738A00563001 /* AddLocationViewController.swift in Sources */ = {isa = PBXBuildFile; fileRef = DD2103AE29BF738A00563001 /* AddLocationViewController.swift */; };
		DD2103B129BF73CA00563001 /* ConfirmLocationViewController.swift in Sources */ = {isa = PBXBuildFile; fileRef = DD2103B029BF73CA00563001 /* ConfirmLocationViewController.swift */; };
/* End PBXBuildFile section */

/* Begin PBXFileReference section */
		DD21038529BF212400563001 /* OnTheMap2.app */ = {isa = PBXFileReference; explicitFileType = wrapper.application; includeInIndex = 0; path = OnTheMap2.app; sourceTree = BUILT_PRODUCTS_DIR; };
		DD21038829BF212400563001 /* AppDelegate.swift */ = {isa = PBXFileReference; lastKnownFileType = sourcecode.swift; path = AppDelegate.swift; sourceTree = "<group>"; };
		DD21038A29BF212400563001 /* SceneDelegate.swift */ = {isa = PBXFileReference; lastKnownFileType = sourcecode.swift; path = SceneDelegate.swift; sourceTree = "<group>"; };
		DD21038F29BF212400563001 /* Base */ = {isa = PBXFileReference; lastKnownFileType = file.storyboard; name = Base; path = Base.lproj/Main.storyboard; sourceTree = "<group>"; };
		DD21039129BF212500563001 /* Assets.xcassets */ = {isa = PBXFileReference; lastKnownFileType = folder.assetcatalog; path = Assets.xcassets; sourceTree = "<group>"; };
		DD21039429BF212500563001 /* Base */ = {isa = PBXFileReference; lastKnownFileType = file.storyboard; name = Base; path = Base.lproj/LaunchScreen.storyboard; sourceTree = "<group>"; };
		DD21039629BF212500563001 /* Info.plist */ = {isa = PBXFileReference; lastKnownFileType = text.plist.xml; path = Info.plist; sourceTree = "<group>"; };
		DD21039E29BF216200563001 /* UserModel.swift */ = {isa = PBXFileReference; lastKnownFileType = sourcecode.swift; path = UserModel.swift; sourceTree = "<group>"; };
		DD2103A029BF216D00563001 /* UdacityAPI.swift */ = {isa = PBXFileReference; lastKnownFileType = sourcecode.swift; path = UdacityAPI.swift; sourceTree = "<group>"; };
		DD2103A229BF217D00563001 /* UdacityRequestBodies.swift */ = {isa = PBXFileReference; lastKnownFileType = sourcecode.swift; path = UdacityRequestBodies.swift; sourceTree = "<group>"; };
		DD2103A429BF219100563001 /* UdacityResponses.swift */ = {isa = PBXFileReference; lastKnownFileType = sourcecode.swift; path = UdacityResponses.swift; sourceTree = "<group>"; };
		DD2103A629BF21A400563001 /* ParseResponses.swift */ = {isa = PBXFileReference; lastKnownFileType = sourcecode.swift; path = ParseResponses.swift; sourceTree = "<group>"; };
		DD2103A829BF21B600563001 /* LoginViewController.swift */ = {isa = PBXFileReference; lastKnownFileType = sourcecode.swift; path = LoginViewController.swift; sourceTree = "<group>"; };
		DD2103AA29BF21CA00563001 /* MapViewController.swift */ = {isa = PBXFileReference; lastKnownFileType = sourcecode.swift; path = MapViewController.swift; sourceTree = "<group>"; };
		DD2103AC29BF6C4A00563001 /* PinListTableViewController.swift */ = {isa = PBXFileReference; lastKnownFileType = sourcecode.swift; path = PinListTableViewController.swift; sourceTree = "<group>"; };
		DD2103AE29BF738A00563001 /* AddLocationViewController.swift */ = {isa = PBXFileReference; lastKnownFileType = sourcecode.swift; path = AddLocationViewController.swift; sourceTree = "<group>"; };
		DD2103B029BF73CA00563001 /* ConfirmLocationViewController.swift */ = {isa = PBXFileReference; lastKnownFileType = sourcecode.swift; path = ConfirmLocationViewController.swift; sourceTree = "<group>"; };
/* End PBXFileReference section */

/* Begin PBXFrameworksBuildPhase section */
		DD21038229BF212400563001 /* Frameworks */ = {
			isa = PBXFrameworksBuildPhase;
			buildActionMask = 2147483647;
			files = (
			);
			runOnlyForDeploymentPostprocessing = 0;
		};
/* End PBXFrameworksBuildPhase section */

/* Begin PBXGroup section */
		DD21037C29BF212400563001 = {
			isa = PBXGroup;
			children = (
				DD21038729BF212400563001 /* OnTheMap2 */,
				DD21038629BF212400563001 /* Products */,
			);
			sourceTree = "<group>";
		};
		DD21038629BF212400563001 /* Products */ = {
			isa = PBXGroup;
			children = (
				DD21038529BF212400563001 /* OnTheMap2.app */,
			);
			name = Products;
			sourceTree = "<group>";
		};
		DD21038729BF212400563001 /* OnTheMap2 */ = {
			isa = PBXGroup;
			children = (
				DD21039D29BF213600563001 /* Model */,
				DD21039C29BF212D00563001 /* Controllers */,
				DD21038829BF212400563001 /* AppDelegate.swift */,
				DD21038A29BF212400563001 /* SceneDelegate.swift */,
				DD21038E29BF212400563001 /* Main.storyboard */,
				DD21039129BF212500563001 /* Assets.xcassets */,
				DD21039329BF212500563001 /* LaunchScreen.storyboard */,
				DD21039629BF212500563001 /* Info.plist */,
			);
			path = OnTheMap2;
			sourceTree = "<group>";
		};
		DD21039C29BF212D00563001 /* Controllers */ = {
			isa = PBXGroup;
			children = (
				DD2103A829BF21B600563001 /* LoginViewController.swift */,
				DD2103AA29BF21CA00563001 /* MapViewController.swift */,
				DD2103AC29BF6C4A00563001 /* PinListTableViewController.swift */,
				DD2103AE29BF738A00563001 /* AddLocationViewController.swift */,
				DD2103B029BF73CA00563001 /* ConfirmLocationViewController.swift */,
			);
			path = Controllers;
			sourceTree = "<group>";
		};
		DD21039D29BF213600563001 /* Model */ = {
			isa = PBXGroup;
			children = (
				DD21039E29BF216200563001 /* UserModel.swift */,
				DD2103A029BF216D00563001 /* UdacityAPI.swift */,
				DD2103A229BF217D00563001 /* UdacityRequestBodies.swift */,
				DD2103A429BF219100563001 /* UdacityResponses.swift */,
				DD2103A629BF21A400563001 /* ParseResponses.swift */,
			);
			path = Model;
			sourceTree = "<group>";
		};
/* End PBXGroup section */

/* Begin PBXNativeTarget section */
		DD21038429BF212400563001 /* OnTheMap2 */ = {
			isa = PBXNativeTarget;
			buildConfigurationList = DD21039929BF212500563001 /* Build configuration list for PBXNativeTarget "OnTheMap2" */;
			buildPhases = (
				DD21038129BF212400563001 /* Sources */,
				DD21038229BF212400563001 /* Frameworks */,
				DD21038329BF212400563001 /* Resources */,
			);
			buildRules = (
			);
			dependencies = (
			);
			name = OnTheMap2;
			productName = OnTheMap2;
			productReference = DD21038529BF212400563001 /* OnTheMap2.app */;
			productType = "com.apple.product-type.application";
		};
/* End PBXNativeTarget section */

/* Begin PBXProject section */
		DD21037D29BF212400563001 /* Project object */ = {
			isa = PBXProject;
			attributes = {
				BuildIndependentTargetsInParallel = 1;
				LastSwiftUpdateCheck = 1420;
				LastUpgradeCheck = 1420;
				TargetAttributes = {
					DD21038429BF212400563001 = {
						CreatedOnToolsVersion = 14.2;
					};
				};
			};
			buildConfigurationList = DD21038029BF212400563001 /* Build configuration list for PBXProject "OnTheMap2" */;
			compatibilityVersion = "Xcode 14.0";
			developmentRegion = en;
			hasScannedForEncodings = 0;
			knownRegions = (
				en,
				Base,
			);
			mainGroup = DD21037C29BF212400563001;
			productRefGroup = DD21038629BF212400563001 /* Products */;
			projectDirPath = "";
			projectRoot = "";
			targets = (
				DD21038429BF212400563001 /* OnTheMap2 */,
			);
		};
/* End PBXProject section */

/* Begin PBXResourcesBuildPhase section */
		DD21038329BF212400563001 /* Resources */ = {
			isa = PBXResourcesBuildPhase;
			buildActionMask = 2147483647;
			files = (
				DD21039529BF212500563001 /* LaunchScreen.storyboard in Resources */,
				DD21039229BF212500563001 /* Assets.xcassets in Resources */,
				DD21039029BF212400563001 /* Main.storyboard in Resources */,
			);
			runOnlyForDeploymentPostprocessing = 0;
		};
/* End PBXResourcesBuildPhase section */

/* Begin PBXSourcesBuildPhase section */
		DD21038129BF212400563001 /* Sources */ = {
			isa = PBXSourcesBuildPhase;
			buildActionMask = 2147483647;
			files = (
				DD2103A929BF21B600563001 /* LoginViewController.swift in Sources */,
				DD2103A529BF219100563001 /* UdacityResponses.swift in Sources */,
				DD2103AB29BF21CA00563001 /* MapViewController.swift in Sources */,
				DD21038929BF212400563001 /* AppDelegate.swift in Sources */,
				DD21039F29BF216200563001 /* UserModel.swift in Sources */,
				DD2103AF29BF738A00563001 /* AddLocationViewController.swift in Sources */,
				DD2103A729BF21A400563001 /* ParseResponses.swift in Sources */,
				DD2103AD29BF6C4A00563001 /* PinListTableViewController.swift in Sources */,
				DD2103B129BF73CA00563001 /* ConfirmLocationViewController.swift in Sources */,
				DD2103A329BF217D00563001 /* UdacityRequestBodies.swift in Sources */,
				DD21038B29BF212400563001 /* SceneDelegate.swift in Sources */,
				DD2103A129BF216D00563001 /* UdacityAPI.swift in Sources */,
			);
			runOnlyForDeploymentPostprocessing = 0;
		};
/* End PBXSourcesBuildPhase section */

/* Begin PBXVariantGroup section */
		DD21038E29BF212400563001 /* Main.storyboard */ = {
			isa = PBXVariantGroup;
			children = (
				DD21038F29BF212400563001 /* Base */,
			);
			name = Main.storyboard;
			sourceTree = "<group>";
		};
		DD21039329BF212500563001 /* LaunchScreen.storyboard */ = {
			isa = PBXVariantGroup;
			children = (
				DD21039429BF212500563001 /* Base */,
			);
			name = LaunchScreen.storyboard;
			sourceTree = "<group>";
		};
/* End PBXVariantGroup section */

/* Begin XCBuildConfiguration section */
		DD21039729BF212500563001 /* Debug */ = {
			isa = XCBuildConfiguration;
			buildSettings = {
				ALWAYS_SEARCH_USER_PATHS = NO;
				CLANG_ANALYZER_NONNULL = YES;
				CLANG_ANALYZER_NUMBER_OBJECT_CONVERSION = YES_AGGRESSIVE;
				CLANG_CXX_LANGUAGE_STANDARD = "gnu++20";
				CLANG_ENABLE_MODULES = YES;
				CLANG_ENABLE_OBJC_ARC = YES;
				CLANG_ENABLE_OBJC_WEAK = YES;
				CLANG_WARN_BLOCK_CAPTURE_AUTORELEASING = YES;
				CLANG_WARN_BOOL_CONVERSION = YES;
				CLANG_WARN_COMMA = YES;
				CLANG_WARN_CONSTANT_CONVERSION = YES;
				CLANG_WARN_DEPRECATED_OBJC_IMPLEMENTATIONS = YES;
				CLANG_WARN_DIRECT_OBJC_ISA_USAGE = YES_ERROR;
				CLANG_WARN_DOCUMENTATION_COMMENTS = YES;
				CLANG_WARN_EMPTY_BODY = YES;
				CLANG_WARN_ENUM_CONVERSION = YES;
				CLANG_WARN_INFINITE_RECURSION = YES;
				CLANG_WARN_INT_CONVERSION = YES;
				CLANG_WARN_NON_LITERAL_NULL_CONVERSION = YES;
				CLANG_WARN_OBJC_IMPLICIT_RETAIN_SELF = YES;
				CLANG_WARN_OBJC_LITERAL_CONVERSION = YES;
				CLANG_WARN_OBJC_ROOT_CLASS = YES_ERROR;
				CLANG_WARN_QUOTED_INCLUDE_IN_FRAMEWORK_HEADER = YES;
				CLANG_WARN_RANGE_LOOP_ANALYSIS = YES;
				CLANG_WARN_STRICT_PROTOTYPES = YES;
				CLANG_WARN_SUSPICIOUS_MOVE = YES;
				CLANG_WARN_UNGUARDED_AVAILABILITY = YES_AGGRESSIVE;
				CLANG_WARN_UNREACHABLE_CODE = YES;
				CLANG_WARN__DUPLICATE_METHOD_MATCH = YES;
				COPY_PHASE_STRIP = NO;
				DEBUG_INFORMATION_FORMAT = dwarf;
				ENABLE_STRICT_OBJC_MSGSEND = YES;
				ENABLE_TESTABILITY = YES;
				GCC_C_LANGUAGE_STANDARD = gnu11;
				GCC_DYNAMIC_NO_PIC = NO;
				GCC_NO_COMMON_BLOCKS = YES;
				GCC_OPTIMIZATION_LEVEL = 0;
				GCC_PREPROCESSOR_DEFINITIONS = (
					"DEBUG=1",
					"$(inherited)",
				);
				GCC_WARN_64_TO_32_BIT_CONVERSION = YES;
				GCC_WARN_ABOUT_RETURN_TYPE = YES_ERROR;
				GCC_WARN_UNDECLARED_SELECTOR = YES;
				GCC_WARN_UNINITIALIZED_AUTOS = YES_AGGRESSIVE;
				GCC_WARN_UNUSED_FUNCTION = YES;
				GCC_WARN_UNUSED_VARIABLE = YES;
				IPHONEOS_DEPLOYMENT_TARGET = 16.2;
				MTL_ENABLE_DEBUG_INFO = INCLUDE_SOURCE;
				MTL_FAST_MATH = YES;
				ONLY_ACTIVE_ARCH = YES;
				SDKROOT = iphoneos;
				SWIFT_ACTIVE_COMPILATION_CONDITIONS = DEBUG;
				SWIFT_OPTIMIZATION_LEVEL = "-Onone";
			};
			name = Debug;
		};
		DD21039829BF212500563001 /* Release */ = {
			isa = XCBuildConfiguration;
			buildSettings = {
				ALWAYS_SEARCH_USER_PATHS = NO;
				CLANG_ANALYZER_NONNULL = YES;
				CLANG_ANALYZER_NUMBER_OBJECT_CONVERSION = YES_AGGRESSIVE;
				CLANG_CXX_LANGUAGE_STANDARD = "gnu++20";
				CLANG_ENABLE_MODULES = YES;
				CLANG_ENABLE_OBJC_ARC = YES;
				CLANG_ENABLE_OBJC_WEAK = YES;
				CLANG_WARN_BLOCK_CAPTURE_AUTORELEASING = YES;
				CLANG_WARN_BOOL_CONVERSION = YES;
				CLANG_WARN_COMMA = YES;
				CLANG_WARN_CONSTANT_CONVERSION = YES;
				CLANG_WARN_DEPRECATED_OBJC_IMPLEMENTATIONS = YES;
				CLANG_WARN_DIRECT_OBJC_ISA_USAGE = YES_ERROR;
				CLANG_WARN_DOCUMENTATION_COMMENTS = YES;
				CLANG_WARN_EMPTY_BODY = YES;
				CLANG_WARN_ENUM_CONVERSION = YES;
				CLANG_WARN_INFINITE_RECURSION = YES;
				CLANG_WARN_INT_CONVERSION = YES;
				CLANG_WARN_NON_LITERAL_NULL_CONVERSION = YES;
				CLANG_WARN_OBJC_IMPLICIT_RETAIN_SELF = YES;
				CLANG_WARN_OBJC_LITERAL_CONVERSION = YES;
				CLANG_WARN_OBJC_ROOT_CLASS = YES_ERROR;
				CLANG_WARN_QUOTED_INCLUDE_IN_FRAMEWORK_HEADER = YES;
				CLANG_WARN_RANGE_LOOP_ANALYSIS = YES;
				CLANG_WARN_STRICT_PROTOTYPES = YES;
				CLANG_WARN_SUSPICIOUS_MOVE = YES;
				CLANG_WARN_UNGUARDED_AVAILABILITY = YES_AGGRESSIVE;
				CLANG_WARN_UNREACHABLE_CODE = YES;
				CLANG_WARN__DUPLICATE_METHOD_MATCH = YES;
				COPY_PHASE_STRIP = NO;
				DEBUG_INFORMATION_FORMAT = "dwarf-with-dsym";
				ENABLE_NS_ASSERTIONS = NO;
				ENABLE_STRICT_OBJC_MSGSEND = YES;
				GCC_C_LANGUAGE_STANDARD = gnu11;
				GCC_NO_COMMON_BLOCKS = YES;
				GCC_WARN_64_TO_32_BIT_CONVERSION = YES;
				GCC_WARN_ABOUT_RETURN_TYPE = YES_ERROR;
				GCC_WARN_UNDECLARED_SELECTOR = YES;
				GCC_WARN_UNINITIALIZED_AUTOS = YES_AGGRESSIVE;
				GCC_WARN_UNUSED_FUNCTION = YES;
				GCC_WARN_UNUSED_VARIABLE = YES;
				IPHONEOS_DEPLOYMENT_TARGET = 16.2;
				MTL_ENABLE_DEBUG_INFO = NO;
				MTL_FAST_MATH = YES;
				SDKROOT = iphoneos;
				SWIFT_COMPILATION_MODE = wholemodule;
				SWIFT_OPTIMIZATION_LEVEL = "-O";
				VALIDATE_PRODUCT = YES;
			};
			name = Release;
		};
		DD21039A29BF212500563001 /* Debug */ = {
			isa = XCBuildConfiguration;
			buildSettings = {
				ASSETCATALOG_COMPILER_APPICON_NAME = AppIcon;
				ASSETCATALOG_COMPILER_GLOBAL_ACCENT_COLOR_NAME = AccentColor;
				CODE_SIGN_STYLE = Automatic;
				CURRENT_PROJECT_VERSION = 1;
				DEVELOPMENT_TEAM = P877L6KY5H;
				GENERATE_INFOPLIST_FILE = YES;
				INFOPLIST_FILE = OnTheMap2/Info.plist;
				INFOPLIST_KEY_UIApplicationSupportsIndirectInputEvents = YES;
				INFOPLIST_KEY_UILaunchStoryboardName = LaunchScreen;
				INFOPLIST_KEY_UIMainStoryboardFile = Main;
				INFOPLIST_KEY_UISupportedInterfaceOrientations_iPad = "UIInterfaceOrientationPortrait UIInterfaceOrientationPortraitUpsideDown UIInterfaceOrientationLandscapeLeft UIInterfaceOrientationLandscapeRight";
				INFOPLIST_KEY_UISupportedInterfaceOrientations_iPhone = "UIInterfaceOrientationPortrait UIInterfaceOrientationLandscapeLeft UIInterfaceOrientationLandscapeRight";
				LD_RUNPATH_SEARCH_PATHS = (
					"$(inherited)",
					"@executable_path/Frameworks",
				);
				MARKETING_VERSION = 1.0;
				PRODUCT_BUNDLE_IDENTIFIER = Thomas.Pantos.OnTheMap2;
				PRODUCT_NAME = "$(TARGET_NAME)";
				SWIFT_EMIT_LOC_STRINGS = YES;
				SWIFT_VERSION = 5.0;
				TARGETED_DEVICE_FAMILY = "1,2";
			};
			name = Debug;
		};
		DD21039B29BF212500563001 /* Release */ = {
			isa = XCBuildConfiguration;
			buildSettings = {
				ASSETCATALOG_COMPILER_APPICON_NAME = AppIcon;
				ASSETCATALOG_COMPILER_GLOBAL_ACCENT_COLOR_NAME = AccentColor;
				CODE_SIGN_STYLE = Automatic;
				CURRENT_PROJECT_VERSION = 1;
				DEVELOPMENT_TEAM = P877L6KY5H;
				GENERATE_INFOPLIST_FILE = YES;
				INFOPLIST_FILE = OnTheMap2/Info.plist;
				INFOPLIST_KEY_UIApplicationSupportsIndirectInputEvents = YES;
				INFOPLIST_KEY_UILaunchStoryboardName = LaunchScreen;
				INFOPLIST_KEY_UIMainStoryboardFile = Main;
				INFOPLIST_KEY_UISupportedInterfaceOrientations_iPad = "UIInterfaceOrientationPortrait UIInterfaceOrientationPortraitUpsideDown UIInterfaceOrientationLandscapeLeft UIInterfaceOrientationLandscapeRight";
				INFOPLIST_KEY_UISupportedInterfaceOrientations_iPhone = "UIInterfaceOrientationPortrait UIInterfaceOrientationLandscapeLeft UIInterfaceOrientationLandscapeRight";
				LD_RUNPATH_SEARCH_PATHS = (
					"$(inherited)",
					"@executable_path/Frameworks",
				);
				MARKETING_VERSION = 1.0;
				PRODUCT_BUNDLE_IDENTIFIER = Thomas.Pantos.OnTheMap2;
				PRODUCT_NAME = "$(TARGET_NAME)";
				SWIFT_EMIT_LOC_STRINGS = YES;
				SWIFT_VERSION = 5.0;
				TARGETED_DEVICE_FAMILY = "1,2";
			};
			name = Release;
		};
/* End XCBuildConfiguration section */

/* Begin XCConfigurationList section */
		DD21038029BF212400563001 /* Build configuration list for PBXProject "OnTheMap2" */ = {
			isa = XCConfigurationList;
			buildConfigurations = (
				DD21039729BF212500563001 /* Debug */,
				DD21039829BF212500563001 /* Release */,
			);
			defaultConfigurationIsVisible = 0;
			defaultConfigurationName = Release;
		};
		DD21039929BF212500563001 /* Build configuration list for PBXNativeTarget "OnTheMap2" */ = {
			isa = XCConfigurationList;
			buildConfigurations = (
				DD21039A29BF212500563001 /* Debug */,
				DD21039B29BF212500563001 /* Release */,
			);
			defaultConfigurationIsVisible = 0;
			defaultConfigurationName = Release;
		};
/* End XCConfigurationList section */
	};
	rootObject = DD21037D29BF212400563001 /* Project object */;
}
